
Microsoft Visual Studio Solution File, Format Version 12.00
# Visual Studio Version 17
VisualStudioVersion = 17.4.33122.133
MinimumVisualStudioVersion = 10.0.40219.1
Project("{FAE04EC0-301F-11D3-BF4B-00C04F79EFBC}") = "Demo3", "Demo3\Demo3.csproj", "{D0A2A32C-3CAF-45F5-8F0B-E148738AB1F1}"
EndProject
Global
	GlobalSection(SolutionConfigurationPlatforms) = preSolution
		Debug|Any CPU = Debug|Any CPU
		Release|Any CPU = Release|Any CPU
	EndGlobalSection
	GlobalSection(ProjectConfigurationPlatforms) = postSolution
		{D0A2A32C-3CAF-45F5-8F0B-E148738AB1F1}.Debug|Any CPU.ActiveCfg = Debug|Any CPU
		{D0A2A32C-3CAF-45F5-8F0B-E148738AB1F1}.Debug|Any CPU.Build.0 = Debug|Any CPU
		{D0A2A32C-3CAF-45F5-8F0B-E148738AB1F1}.Release|Any CPU.ActiveCfg = Release|Any CPU
		{D0A2A32C-3CAF-45F5-8F0B-E148738AB1F1}.Release|Any CPU.Build.0 = Release|Any CPU
	EndGlobalSection
	GlobalSection(SolutionProperties) = preSolution
		HideSolutionNode = FALSE
	EndGlobalSection
	GlobalSection(ExtensibilityGlobals) = postSolution
		SolutionGuid = {9499F0FC-779D-4287-B0AC-44AC63E43D87}
	EndGlobalSection
EndGlobal
